
Microsoft Visual Studio Solution File, Format Version 12.00
# Visual Studio 14
VisualStudioVersion = 14.0.25420.1
MinimumVisualStudioVersion = 10.0.40219.1
Project("{FAE04EC0-301F-11D3-BF4B-00C04F79EFBC}") = "Entities", "Entities\Entities.csproj", "{89BFF77D-8446-448B-A49A-133923570616}"
EndProject
Project("{FAE04EC0-301F-11D3-BF4B-00C04F79EFBC}") = "Data", "Data\Data.csproj", "{5330431C-E38B-4302-88DF-4A7D1AF26A89}"
EndProject
Project("{FAE04EC0-301F-11D3-BF4B-00C04F79EFBC}") = "Services", "Services\Services.csproj", "{63A1AF67-CE80-45DC-854C-EF79FFDA2BA1}"
EndProject
Project("{FAE04EC0-301F-11D3-BF4B-00C04F79EFBC}") = "Web", "Web\Web.csproj", "{47D2E8B7-28E9-4252-B937-B360EBEA19B7}"
EndProject
Global
	GlobalSection(SolutionConfigurationPlatforms) = preSolution
		Debug|Any CPU = Debug|Any CPU
		Release|Any CPU = Release|Any CPU
	EndGlobalSection
	GlobalSection(ProjectConfigurationPlatforms) = postSolution
		{89BFF77D-8446-448B-A49A-133923570616}.Debug|Any CPU.ActiveCfg = Debug|Any CPU
		{89BFF77D-8446-448B-A49A-133923570616}.Debug|Any CPU.Build.0 = Debug|Any CPU
		{89BFF77D-8446-448B-A49A-133923570616}.Release|Any CPU.ActiveCfg = Release|Any CPU
		{89BFF77D-8446-448B-A49A-133923570616}.Release|Any CPU.Build.0 = Release|Any CPU
		{5330431C-E38B-4302-88DF-4A7D1AF26A89}.Debug|Any CPU.ActiveCfg = Debug|Any CPU
		{5330431C-E38B-4302-88DF-4A7D1AF26A89}.Debug|Any CPU.Build.0 = Debug|Any CPU
		{5330431C-E38B-4302-88DF-4A7D1AF26A89}.Release|Any CPU.ActiveCfg = Release|Any CPU
		{5330431C-E38B-4302-88DF-4A7D1AF26A89}.Release|Any CPU.Build.0 = Release|Any CPU
		{63A1AF67-CE80-45DC-854C-EF79FFDA2BA1}.Debug|Any CPU.ActiveCfg = Debug|Any CPU
		{63A1AF67-CE80-45DC-854C-EF79FFDA2BA1}.Debug|Any CPU.Build.0 = Debug|Any CPU
		{63A1AF67-CE80-45DC-854C-EF79FFDA2BA1}.Release|Any CPU.ActiveCfg = Release|Any CPU
		{63A1AF67-CE80-45DC-854C-EF79FFDA2BA1}.Release|Any CPU.Build.0 = Release|Any CPU
		{47D2E8B7-28E9-4252-B937-B360EBEA19B7}.Debug|Any CPU.ActiveCfg = Debug|Any CPU
		{47D2E8B7-28E9-4252-B937-B360EBEA19B7}.Debug|Any CPU.Build.0 = Debug|Any CPU
		{47D2E8B7-28E9-4252-B937-B360EBEA19B7}.Release|Any CPU.ActiveCfg = Release|Any CPU
		{47D2E8B7-28E9-4252-B937-B360EBEA19B7}.Release|Any CPU.Build.0 = Release|Any CPU
	EndGlobalSection
	GlobalSection(SolutionProperties) = preSolution
		HideSolutionNode = FALSE
	EndGlobalSection
EndGlobal
